
Microsoft Visual Studio Solution File, Format Version 12.00
# Visual Studio Version 17
VisualStudioVersion = 17.14.36221.1 d17.14
MinimumVisualStudioVersion = 10.0.40219.1
Project("{FAE04EC0-301F-11D3-BF4B-00C04F79EFBC}") = "DeepL Everywhere", "DeepL Everywhere\DeepL Everywhere.csproj", "{1DC016B4-6E64-43AC-A4F6-03A2FA57F007}"
EndProject
Global
	GlobalSection(SolutionConfigurationPlatforms) = preSolution
		Debug|Any CPU = Debug|Any CPU
		Release|Any CPU = Release|Any CPU
	EndGlobalSection
	GlobalSection(ProjectConfigurationPlatforms) = postSolution
		{1DC016B4-6E64-43AC-A4F6-03A2FA57F007}.Debug|Any CPU.ActiveCfg = Debug|Any CPU
		{1DC016B4-6E64-43AC-A4F6-03A2FA57F007}.Debug|Any CPU.Build.0 = Debug|Any CPU
		{1DC016B4-6E64-43AC-A4F6-03A2FA57F007}.Release|Any CPU.ActiveCfg = Release|Any CPU
		{1DC016B4-6E64-43AC-A4F6-03A2FA57F007}.Release|Any CPU.Build.0 = Release|Any CPU
	EndGlobalSection
	GlobalSection(SolutionProperties) = preSolution
		HideSolutionNode = FALSE
	EndGlobalSection
	GlobalSection(ExtensibilityGlobals) = postSolution
		SolutionGuid = {680EA8F2-E548-4859-96B4-10C4AB33715A}
	EndGlobalSection
EndGlobal
